version = 1
revision = 3
requires-python = ">=3.11"

[[package]]
name = "agentic-sdlc"
version = "2.0.0"
source = { registry = "https://cdowin.github.io/agentic-sdlc/simple/" }
sdist = { url = "https://cdowin.github.io/agentic-sdlc/simple/agentic-sdlc/agentic_sdlc-2.0.0.tar.gz", hash = "sha256:1cff65553fcaeae0f3135f446ff3ac912802457922a90288da52a2bcc131e623" }
wheels = [
    { url = "https://cdowin.github.io/agentic-sdlc/simple/agentic-sdlc/agentic_sdlc-2.0.0-py3-none-any.whl", hash = "sha256:f173e812ea810201377f8bfdffac5890b779f2543ba06790c0a8209d932db87a" },
]

[[package]]
name = "godot-devkit"
version = "2.1.0"
source = { editable = "." }

[package.dev-dependencies]
dev = [
    { name = "agentic-sdlc" },
]

[package.metadata]

[package.metadata.requires-dev]
dev = [{ name = "agentic-sdlc", specifier = "==2.0.0", index = "https://cdowin.github.io/agentic-sdlc/simple/" }]
